
Microsoft Visual Studio Solution File, Format Version 12.00
# Visual Studio Version 17
VisualStudioVersion = 17.6.33723.286
MinimumVisualStudioVersion = 10.0.40219.1
Project("{FAE04EC0-301F-11D3-BF4B-00C04F79EFBC}") = "GameBinary", "GameBinary\GameBinary.csproj", "{F31A2DF3-1607-4AA6-906C-E48EB0355367}"
EndProject
Global
	GlobalSection(SolutionConfigurationPlatforms) = preSolution
		Debug|Any CPU = Debug|Any CPU
		Release|Any CPU = Release|Any CPU
	EndGlobalSection
	GlobalSection(ProjectConfigurationPlatforms) = postSolution
		{F31A2DF3-1607-4AA6-906C-E48EB0355367}.Debug|Any CPU.ActiveCfg = Debug|Any CPU
		{F31A2DF3-1607-4AA6-906C-E48EB0355367}.Debug|Any CPU.Build.0 = Debug|Any CPU
		{F31A2DF3-1607-4AA6-906C-E48EB0355367}.Release|Any CPU.ActiveCfg = Release|Any CPU
		{F31A2DF3-1607-4AA6-906C-E48EB0355367}.Release|Any CPU.Build.0 = Release|Any CPU
	EndGlobalSection
	GlobalSection(SolutionProperties) = preSolution
		HideSolutionNode = FALSE
	EndGlobalSection
	GlobalSection(ExtensibilityGlobals) = postSolution
		SolutionGuid = {B4BEA58A-03D6-4D42-86D6-95D51C1DD25D}
	EndGlobalSection
EndGlobal
